
Microsoft Visual Studio Solution File, Format Version 12.00
# Visual Studio Version 17
VisualStudioVersion = 17.3.32825.248
MinimumVisualStudioVersion = 10.0.40219.1
Project("{9A19103F-16F7-4668-BE54-9A1E7A4F7556}") = "Eede.Presentation", "Eede.Presentation\Eede.Presentation.csproj", "{FFCDFE42-6511-4269-A4F8-3E19014EAF8E}"
EndProject
Project("{9A19103F-16F7-4668-BE54-9A1E7A4F7556}") = "Eede.Application", "Eede.Application\Eede.Application.csproj", "{ABBC3E52-383B-4A94-91A1-E6DCDA3C019F}"
EndProject
Project("{9A19103F-16F7-4668-BE54-9A1E7A4F7556}") = "Eede.Infrastructure", "Eede.Infrastructure\Eede.Infrastructure.csproj", "{4E2689A4-9A26-4181-B3C4-EB04ADB6905B}"
EndProject
Project("{9A19103F-16F7-4668-BE54-9A1E7A4F7556}") = "Eede.Domain", "Eede.Domain\Eede.Domain.csproj", "{00A5CB38-BF15-422E-8B32-A26E30CCC9DB}"
EndProject
Project("{9A19103F-16F7-4668-BE54-9A1E7A4F7556}") = "Eede.Domain.Tests", "Eede.Domain.Tests\Eede.Domain.Tests.csproj", "{32A4DC2E-41E2-48F1-A89F-BBED66552128}"
EndProject
Project("{9A19103F-16F7-4668-BE54-9A1E7A4F7556}") = "Eede.Infrastructure.Tests", "Eede.Infrastructure.Tests\Eede.Infrastructure.Tests.csproj", "{D58A93D7-AF87-4345-B76A-AC105B76A426}"
EndProject
Project("{9A19103F-16F7-4668-BE54-9A1E7A4F7556}") = "Eede.Application.Tests", "Eede.Application.Tests\Eede.Application.Tests.csproj", "{DE344868-D676-4025-B797-87DCB173D870}"
EndProject
Project("{2150E333-8FDC-42A3-9474-1A3956D46DE8}") = "ソリューション項目", "ソリューション項目", "{0FA03259-66A9-4916-8510-8936666E2F0A}"
	ProjectSection(SolutionItems) = preProject
		.editorconfig = .editorconfig
		coverage.ps1 = coverage.ps1
		README.md = README.md
	EndProjectSection
EndProject
Project("{9A19103F-16F7-4668-BE54-9A1E7A4F7556}") = "Eede.Presentation.Desktop", "Eede.Presentation.Desktop\Eede.Presentation.Desktop.csproj", "{9B7803A3-1798-4943-AFB9-9AA326CBD791}"
EndProject
Global
	GlobalSection(SolutionConfigurationPlatforms) = preSolution
		Debug|Any CPU = Debug|Any CPU
		Release|Any CPU = Release|Any CPU
	EndGlobalSection
	GlobalSection(ProjectConfigurationPlatforms) = postSolution
		{FFCDFE42-6511-4269-A4F8-3E19014EAF8E}.Debug|Any CPU.ActiveCfg = Debug|Any CPU
		{FFCDFE42-6511-4269-A4F8-3E19014EAF8E}.Debug|Any CPU.Build.0 = Debug|Any CPU
		{FFCDFE42-6511-4269-A4F8-3E19014EAF8E}.Release|Any CPU.ActiveCfg = Release|Any CPU
		{FFCDFE42-6511-4269-A4F8-3E19014EAF8E}.Release|Any CPU.Build.0 = Release|Any CPU
		{ABBC3E52-383B-4A94-91A1-E6DCDA3C019F}.Debug|Any CPU.ActiveCfg = Debug|Any CPU
		{ABBC3E52-383B-4A94-91A1-E6DCDA3C019F}.Debug|Any CPU.Build.0 = Debug|Any CPU
		{ABBC3E52-383B-4A94-91A1-E6DCDA3C019F}.Release|Any CPU.ActiveCfg = Release|Any CPU
		{ABBC3E52-383B-4A94-91A1-E6DCDA3C019F}.Release|Any CPU.Build.0 = Release|Any CPU
		{4E2689A4-9A26-4181-B3C4-EB04ADB6905B}.Debug|Any CPU.ActiveCfg = Debug|Any CPU
		{4E2689A4-9A26-4181-B3C4-EB04ADB6905B}.Debug|Any CPU.Build.0 = Debug|Any CPU
		{4E2689A4-9A26-4181-B3C4-EB04ADB6905B}.Release|Any CPU.ActiveCfg = Release|Any CPU
		{4E2689A4-9A26-4181-B3C4-EB04ADB6905B}.Release|Any CPU.Build.0 = Release|Any CPU
		{00A5CB38-BF15-422E-8B32-A26E30CCC9DB}.Debug|Any CPU.ActiveCfg = Debug|Any CPU
		{00A5CB38-BF15-422E-8B32-A26E30CCC9DB}.Debug|Any CPU.Build.0 = Debug|Any CPU
		{00A5CB38-BF15-422E-8B32-A26E30CCC9DB}.Release|Any CPU.ActiveCfg = Release|Any CPU
		{00A5CB38-BF15-422E-8B32-A26E30CCC9DB}.Release|Any CPU.Build.0 = Release|Any CPU
		{32A4DC2E-41E2-48F1-A89F-BBED66552128}.Debug|Any CPU.ActiveCfg = Debug|Any CPU
		{32A4DC2E-41E2-48F1-A89F-BBED66552128}.Debug|Any CPU.Build.0 = Debug|Any CPU
		{32A4DC2E-41E2-48F1-A89F-BBED66552128}.Release|Any CPU.ActiveCfg = Release|Any CPU
		{32A4DC2E-41E2-48F1-A89F-BBED66552128}.Release|Any CPU.Build.0 = Release|Any CPU
		{D58A93D7-AF87-4345-B76A-AC105B76A426}.Debug|Any CPU.ActiveCfg = Debug|Any CPU
		{D58A93D7-AF87-4345-B76A-AC105B76A426}.Debug|Any CPU.Build.0 = Debug|Any CPU
		{D58A93D7-AF87-4345-B76A-AC105B76A426}.Release|Any CPU.ActiveCfg = Release|Any CPU
		{D58A93D7-AF87-4345-B76A-AC105B76A426}.Release|Any CPU.Build.0 = Release|Any CPU
		{DE344868-D676-4025-B797-87DCB173D870}.Debug|Any CPU.ActiveCfg = Debug|Any CPU
		{DE344868-D676-4025-B797-87DCB173D870}.Debug|Any CPU.Build.0 = Debug|Any CPU
		{DE344868-D676-4025-B797-87DCB173D870}.Release|Any CPU.ActiveCfg = Release|Any CPU
		{DE344868-D676-4025-B797-87DCB173D870}.Release|Any CPU.Build.0 = Release|Any CPU
		{9B7803A3-1798-4943-AFB9-9AA326CBD791}.Debug|Any CPU.ActiveCfg = Debug|Any CPU
		{9B7803A3-1798-4943-AFB9-9AA326CBD791}.Debug|Any CPU.Build.0 = Debug|Any CPU
		{9B7803A3-1798-4943-AFB9-9AA326CBD791}.Release|Any CPU.ActiveCfg = Release|Any CPU
		{9B7803A3-1798-4943-AFB9-9AA326CBD791}.Release|Any CPU.Build.0 = Release|Any CPU
	EndGlobalSection
	GlobalSection(SolutionProperties) = preSolution
		HideSolutionNode = FALSE
	EndGlobalSection
	GlobalSection(ExtensibilityGlobals) = postSolution
		SolutionGuid = {F68ABD5D-3A03-41F0-9EAE-B5A430648694}
	EndGlobalSection
EndGlobal
