
Microsoft Visual Studio Solution File, Format Version 12.00
# Visual Studio 15
VisualStudioVersion = 15.0.28307.168
MinimumVisualStudioVersion = 10.0.40219.1
Project("{FAE04EC0-301F-11D3-BF4B-00C04F79EFBC}") = "Eede", "Eede\Eede.csproj", "{FFCDFE42-6511-4269-A4F8-3E19014EAF8E}"
EndProject
Project("{FAE04EC0-301F-11D3-BF4B-00C04F79EFBC}") = "EedeCore", "EedeCore\EedeCore.csproj", "{4D2B8313-02E1-4977-AECA-925F6F636C7C}"
EndProject
Project("{2150E333-8FDC-42A3-9474-1A3956D46DE8}") = "Tests", "Tests", "{5DDAB986-9D78-4B75-90B1-3A11AF8B5D42}"
EndProject
Project("{FAE04EC0-301F-11D3-BF4B-00C04F79EFBC}") = "EedeCoreTests", "EedeCoreTest\EedeCoreTests.csproj", "{778CDAF2-8FF5-4AB1-970E-B02C2F967BC5}"
EndProject
Global
	GlobalSection(SolutionConfigurationPlatforms) = preSolution
		Debug|Any CPU = Debug|Any CPU
		Release|Any CPU = Release|Any CPU
	EndGlobalSection
	GlobalSection(ProjectConfigurationPlatforms) = postSolution
		{FFCDFE42-6511-4269-A4F8-3E19014EAF8E}.Debug|Any CPU.ActiveCfg = Debug|Any CPU
		{FFCDFE42-6511-4269-A4F8-3E19014EAF8E}.Debug|Any CPU.Build.0 = Debug|Any CPU
		{FFCDFE42-6511-4269-A4F8-3E19014EAF8E}.Release|Any CPU.ActiveCfg = Release|Any CPU
		{FFCDFE42-6511-4269-A4F8-3E19014EAF8E}.Release|Any CPU.Build.0 = Release|Any CPU
		{4D2B8313-02E1-4977-AECA-925F6F636C7C}.Debug|Any CPU.ActiveCfg = Debug|Any CPU
		{4D2B8313-02E1-4977-AECA-925F6F636C7C}.Debug|Any CPU.Build.0 = Debug|Any CPU
		{4D2B8313-02E1-4977-AECA-925F6F636C7C}.Release|Any CPU.ActiveCfg = Release|Any CPU
		{4D2B8313-02E1-4977-AECA-925F6F636C7C}.Release|Any CPU.Build.0 = Release|Any CPU
		{778CDAF2-8FF5-4AB1-970E-B02C2F967BC5}.Debug|Any CPU.ActiveCfg = Debug|Any CPU
		{778CDAF2-8FF5-4AB1-970E-B02C2F967BC5}.Debug|Any CPU.Build.0 = Debug|Any CPU
		{778CDAF2-8FF5-4AB1-970E-B02C2F967BC5}.Release|Any CPU.ActiveCfg = Release|Any CPU
		{778CDAF2-8FF5-4AB1-970E-B02C2F967BC5}.Release|Any CPU.Build.0 = Release|Any CPU
	EndGlobalSection
	GlobalSection(SolutionProperties) = preSolution
		HideSolutionNode = FALSE
	EndGlobalSection
	GlobalSection(NestedProjects) = preSolution
		{778CDAF2-8FF5-4AB1-970E-B02C2F967BC5} = {5DDAB986-9D78-4B75-90B1-3A11AF8B5D42}
	EndGlobalSection
	GlobalSection(ExtensibilityGlobals) = postSolution
		SolutionGuid = {F68ABD5D-3A03-41F0-9EAE-B5A430648694}
	EndGlobalSection
EndGlobal
